{
  "pins" : [
    {
      "identity" : "amusekit",
      "kind" : "remoteSourceControl",
      "location" : "git@github.com:jjotaum/AmuseKit.git",
      "state" : {
        "revision" : "070d59aa9d61b2a1d8fe0722ab9196e0bfa76407",
        "version" : "0.4.1"
      }
    },
    {
      "identity" : "keychainaccess",
      "kind" : "remoteSourceControl",
      "location" : "https://github.com/kishikawakatsumi/KeychainAccess.git",
      "state" : {
        "revision" : "84e546727d66f1adc5439debad16270d0fdd04e7",
        "version" : "4.2.2"
      }
    }
  ],
  "version" : 2
}
