{
  "pins" : [
    {
      "identity" : "amusekit",
      "kind" : "remoteSourceControl",
      "location" : "git@github.com:jjotaum/AmuseKit.git",
      "state" : {
        "revision" : "3cff7fc19e47d9366635a4852ee298aaadb73af3",
        "version" : "0.4.2"
      }
    },
    {
      "identity" : "keychainaccess",
      "kind" : "remoteSourceControl",
      "location" : "https://github.com/kishikawakatsumi/KeychainAccess.git",
      "state" : {
        "revision" : "84e546727d66f1adc5439debad16270d0fdd04e7",
        "version" : "4.2.2"
      }
    }
  ],
  "version" : 2
}
