// !$*UTF8*$!
{
	archiveVersion = 1;
	classes = {
	};
	objectVersion = 55;
	objects = {

/* Begin PBXBuildFile section */
		E996535628C2B32900D279A3 /* AmuseKitDemoApp.swift in Sources */ = {isa = PBXBuildFile; fileRef = E996534628C2B32800D279A3 /* AmuseKitDemoApp.swift */; };
		E996535728C2B32900D279A3 /* AmuseKitDemoApp.swift in Sources */ = {isa = PBXBuildFile; fileRef = E996534628C2B32800D279A3 /* AmuseKitDemoApp.swift */; };
		E996535A28C2B32900D279A3 /* Assets.xcassets in Resources */ = {isa = PBXBuildFile; fileRef = E996534828C2B32900D279A3 /* Assets.xcassets */; };
		E996535B28C2B32900D279A3 /* Assets.xcassets in Resources */ = {isa = PBXBuildFile; fileRef = E996534828C2B32900D279A3 /* Assets.xcassets */; };
		E996536928C2B35500D279A3 /* MainView.swift in Sources */ = {isa = PBXBuildFile; fileRef = E996536828C2B35500D279A3 /* MainView.swift */; };
		E996536A28C2B35500D279A3 /* MainView.swift in Sources */ = {isa = PBXBuildFile; fileRef = E996536828C2B35500D279A3 /* MainView.swift */; };
		E996536D28C2B37700D279A3 /* MainViewController.swift in Sources */ = {isa = PBXBuildFile; fileRef = E996536C28C2B37700D279A3 /* MainViewController.swift */; };
		E996536E28C2B37700D279A3 /* MainViewController.swift in Sources */ = {isa = PBXBuildFile; fileRef = E996536C28C2B37700D279A3 /* MainViewController.swift */; };
		E996537128C2B52600D279A3 /* AmuseKit in Frameworks */ = {isa = PBXBuildFile; productRef = E996537028C2B52600D279A3 /* AmuseKit */; };
		E996537428C2B53600D279A3 /* AmuseKit in Frameworks */ = {isa = PBXBuildFile; productRef = E996537328C2B53600D279A3 /* AmuseKit */; };
/* End PBXBuildFile section */

/* Begin PBXFileReference section */
		E996534628C2B32800D279A3 /* AmuseKitDemoApp.swift */ = {isa = PBXFileReference; lastKnownFileType = sourcecode.swift; path = AmuseKitDemoApp.swift; sourceTree = "<group>"; };
		E996534828C2B32900D279A3 /* Assets.xcassets */ = {isa = PBXFileReference; lastKnownFileType = folder.assetcatalog; path = Assets.xcassets; sourceTree = "<group>"; };
		E996534D28C2B32900D279A3 /* AmuseKitDemo.app */ = {isa = PBXFileReference; explicitFileType = wrapper.application; includeInIndex = 0; path = AmuseKitDemo.app; sourceTree = BUILT_PRODUCTS_DIR; };
		E996535328C2B32900D279A3 /* AmuseKitDemo.app */ = {isa = PBXFileReference; explicitFileType = wrapper.application; includeInIndex = 0; path = AmuseKitDemo.app; sourceTree = BUILT_PRODUCTS_DIR; };
		E996535528C2B32900D279A3 /* macOS.entitlements */ = {isa = PBXFileReference; lastKnownFileType = text.plist.entitlements; path = macOS.entitlements; sourceTree = "<group>"; };
		E996536828C2B35500D279A3 /* MainView.swift */ = {isa = PBXFileReference; lastKnownFileType = sourcecode.swift; path = MainView.swift; sourceTree = "<group>"; };
		E996536C28C2B37700D279A3 /* MainViewController.swift */ = {isa = PBXFileReference; lastKnownFileType = sourcecode.swift; path = MainViewController.swift; sourceTree = "<group>"; };
/* End PBXFileReference section */

/* Begin PBXFrameworksBuildPhase section */
		E996534A28C2B32900D279A3 /* Frameworks */ = {
			isa = PBXFrameworksBuildPhase;
			buildActionMask = 2147483647;
			files = (
				E996537128C2B52600D279A3 /* AmuseKit in Frameworks */,
			);
			runOnlyForDeploymentPostprocessing = 0;
		};
		E996535028C2B32900D279A3 /* Frameworks */ = {
			isa = PBXFrameworksBuildPhase;
			buildActionMask = 2147483647;
			files = (
				E996537428C2B53600D279A3 /* AmuseKit in Frameworks */,
			);
			runOnlyForDeploymentPostprocessing = 0;
		};
/* End PBXFrameworksBuildPhase section */

/* Begin PBXGroup section */
		E996534028C2B32800D279A3 = {
			isa = PBXGroup;
			children = (
				E996534528C2B32800D279A3 /* Shared */,
				E996535428C2B32900D279A3 /* macOS */,
				E996534E28C2B32900D279A3 /* Products */,
				E996537228C2B53600D279A3 /* Frameworks */,
			);
			sourceTree = "<group>";
		};
		E996534528C2B32800D279A3 /* Shared */ = {
			isa = PBXGroup;
			children = (
				E996536B28C2B36800D279A3 /* Controllers */,
				E996536428C2B33400D279A3 /* Views */,
				E996534628C2B32800D279A3 /* AmuseKitDemoApp.swift */,
				E996534828C2B32900D279A3 /* Assets.xcassets */,
			);
			path = Shared;
			sourceTree = "<group>";
		};
		E996534E28C2B32900D279A3 /* Products */ = {
			isa = PBXGroup;
			children = (
				E996534D28C2B32900D279A3 /* AmuseKitDemo.app */,
				E996535328C2B32900D279A3 /* AmuseKitDemo.app */,
			);
			name = Products;
			sourceTree = "<group>";
		};
		E996535428C2B32900D279A3 /* macOS */ = {
			isa = PBXGroup;
			children = (
				E996535528C2B32900D279A3 /* macOS.entitlements */,
			);
			path = macOS;
			sourceTree = "<group>";
		};
		E996536428C2B33400D279A3 /* Views */ = {
			isa = PBXGroup;
			children = (
				E996536828C2B35500D279A3 /* MainView.swift */,
			);
			path = Views;
			sourceTree = "<group>";
		};
		E996536B28C2B36800D279A3 /* Controllers */ = {
			isa = PBXGroup;
			children = (
				E996536C28C2B37700D279A3 /* MainViewController.swift */,
			);
			path = Controllers;
			sourceTree = "<group>";
		};
		E996537228C2B53600D279A3 /* Frameworks */ = {
			isa = PBXGroup;
			children = (
			);
			name = Frameworks;
			sourceTree = "<group>";
		};
/* End PBXGroup section */

/* Begin PBXNativeTarget section */
		E996534C28C2B32900D279A3 /* AmuseKitDemo (iOS) */ = {
			isa = PBXNativeTarget;
			buildConfigurationList = E996535E28C2B32900D279A3 /* Build configuration list for PBXNativeTarget "AmuseKitDemo (iOS)" */;
			buildPhases = (
				E996534928C2B32900D279A3 /* Sources */,
				E996534A28C2B32900D279A3 /* Frameworks */,
				E996534B28C2B32900D279A3 /* Resources */,
			);
			buildRules = (
			);
			dependencies = (
			);
			name = "AmuseKitDemo (iOS)";
			packageProductDependencies = (
				E996537028C2B52600D279A3 /* AmuseKit */,
			);
			productName = "AmuseKitDemo (iOS)";
			productReference = E996534D28C2B32900D279A3 /* AmuseKitDemo.app */;
			productType = "com.apple.product-type.application";
		};
		E996535228C2B32900D279A3 /* AmuseKitDemo (macOS) */ = {
			isa = PBXNativeTarget;
			buildConfigurationList = E996536128C2B32900D279A3 /* Build configuration list for PBXNativeTarget "AmuseKitDemo (macOS)" */;
			buildPhases = (
				E996534F28C2B32900D279A3 /* Sources */,
				E996535028C2B32900D279A3 /* Frameworks */,
				E996535128C2B32900D279A3 /* Resources */,
			);
			buildRules = (
			);
			dependencies = (
			);
			name = "AmuseKitDemo (macOS)";
			packageProductDependencies = (
				E996537328C2B53600D279A3 /* AmuseKit */,
			);
			productName = "AmuseKitDemo (macOS)";
			productReference = E996535328C2B32900D279A3 /* AmuseKitDemo.app */;
			productType = "com.apple.product-type.application";
		};
/* End PBXNativeTarget section */

/* Begin PBXProject section */
		E996534128C2B32800D279A3 /* Project object */ = {
			isa = PBXProject;
			attributes = {
				BuildIndependentTargetsInParallel = 1;
				LastSwiftUpdateCheck = 1340;
				LastUpgradeCheck = 1340;
				TargetAttributes = {
					E996534C28C2B32900D279A3 = {
						CreatedOnToolsVersion = 13.4.1;
					};
					E996535228C2B32900D279A3 = {
						CreatedOnToolsVersion = 13.4.1;
					};
				};
			};
			buildConfigurationList = E996534428C2B32800D279A3 /* Build configuration list for PBXProject "AmuseKitDemo" */;
			compatibilityVersion = "Xcode 13.0";
			developmentRegion = en;
			hasScannedForEncodings = 0;
			knownRegions = (
				en,
				Base,
			);
			mainGroup = E996534028C2B32800D279A3;
			packageReferences = (
				E996536F28C2B52600D279A3 /* XCRemoteSwiftPackageReference "AmuseKit" */,
			);
			productRefGroup = E996534E28C2B32900D279A3 /* Products */;
			projectDirPath = "";
			projectRoot = "";
			targets = (
				E996534C28C2B32900D279A3 /* AmuseKitDemo (iOS) */,
				E996535228C2B32900D279A3 /* AmuseKitDemo (macOS) */,
			);
		};
/* End PBXProject section */

/* Begin PBXResourcesBuildPhase section */
		E996534B28C2B32900D279A3 /* Resources */ = {
			isa = PBXResourcesBuildPhase;
			buildActionMask = 2147483647;
			files = (
				E996535A28C2B32900D279A3 /* Assets.xcassets in Resources */,
			);
			runOnlyForDeploymentPostprocessing = 0;
		};
		E996535128C2B32900D279A3 /* Resources */ = {
			isa = PBXResourcesBuildPhase;
			buildActionMask = 2147483647;
			files = (
				E996535B28C2B32900D279A3 /* Assets.xcassets in Resources */,
			);
			runOnlyForDeploymentPostprocessing = 0;
		};
/* End PBXResourcesBuildPhase section */

/* Begin PBXSourcesBuildPhase section */
		E996534928C2B32900D279A3 /* Sources */ = {
			isa = PBXSourcesBuildPhase;
			buildActionMask = 2147483647;
			files = (
				E996536928C2B35500D279A3 /* MainView.swift in Sources */,
				E996535628C2B32900D279A3 /* AmuseKitDemoApp.swift in Sources */,
				E996536D28C2B37700D279A3 /* MainViewController.swift in Sources */,
			);
			runOnlyForDeploymentPostprocessing = 0;
		};
		E996534F28C2B32900D279A3 /* Sources */ = {
			isa = PBXSourcesBuildPhase;
			buildActionMask = 2147483647;
			files = (
				E996536A28C2B35500D279A3 /* MainView.swift in Sources */,
				E996535728C2B32900D279A3 /* AmuseKitDemoApp.swift in Sources */,
				E996536E28C2B37700D279A3 /* MainViewController.swift in Sources */,
			);
			runOnlyForDeploymentPostprocessing = 0;
		};
/* End PBXSourcesBuildPhase section */

/* Begin XCBuildConfiguration section */
		E996535C28C2B32900D279A3 /* Debug */ = {
			isa = XCBuildConfiguration;
			buildSettings = {
				ALWAYS_SEARCH_USER_PATHS = NO;
				CLANG_ANALYZER_NONNULL = YES;
				CLANG_ANALYZER_NUMBER_OBJECT_CONVERSION = YES_AGGRESSIVE;
				CLANG_CXX_LANGUAGE_STANDARD = "gnu++17";
				CLANG_ENABLE_MODULES = YES;
				CLANG_ENABLE_OBJC_ARC = YES;
				CLANG_ENABLE_OBJC_WEAK = YES;
				CLANG_WARN_BLOCK_CAPTURE_AUTORELEASING = YES;
				CLANG_WARN_BOOL_CONVERSION = YES;
				CLANG_WARN_COMMA = YES;
				CLANG_WARN_CONSTANT_CONVERSION = YES;
				CLANG_WARN_DEPRECATED_OBJC_IMPLEMENTATIONS = YES;
				CLANG_WARN_DIRECT_OBJC_ISA_USAGE = YES_ERROR;
				CLANG_WARN_DOCUMENTATION_COMMENTS = YES;
				CLANG_WARN_EMPTY_BODY = YES;
				CLANG_WARN_ENUM_CONVERSION = YES;
				CLANG_WARN_INFINITE_RECURSION = YES;
				CLANG_WARN_INT_CONVERSION = YES;
				CLANG_WARN_NON_LITERAL_NULL_CONVERSION = YES;
				CLANG_WARN_OBJC_IMPLICIT_RETAIN_SELF = YES;
				CLANG_WARN_OBJC_LITERAL_CONVERSION = YES;
				CLANG_WARN_OBJC_ROOT_CLASS = YES_ERROR;
				CLANG_WARN_QUOTED_INCLUDE_IN_FRAMEWORK_HEADER = YES;
				CLANG_WARN_RANGE_LOOP_ANALYSIS = YES;
				CLANG_WARN_STRICT_PROTOTYPES = YES;
				CLANG_WARN_SUSPICIOUS_MOVE = YES;
				CLANG_WARN_UNGUARDED_AVAILABILITY = YES_AGGRESSIVE;
				CLANG_WARN_UNREACHABLE_CODE = YES;
				CLANG_WARN__DUPLICATE_METHOD_MATCH = YES;
				COPY_PHASE_STRIP = NO;
				DEBUG_INFORMATION_FORMAT = dwarf;
				ENABLE_STRICT_OBJC_MSGSEND = YES;
				ENABLE_TESTABILITY = YES;
				GCC_C_LANGUAGE_STANDARD = gnu11;
				GCC_DYNAMIC_NO_PIC = NO;
				GCC_NO_COMMON_BLOCKS = YES;
				GCC_OPTIMIZATION_LEVEL = 0;
				GCC_PREPROCESSOR_DEFINITIONS = (
					"DEBUG=1",
					"$(inherited)",
				);
				GCC_WARN_64_TO_32_BIT_CONVERSION = YES;
				GCC_WARN_ABOUT_RETURN_TYPE = YES_ERROR;
				GCC_WARN_UNDECLARED_SELECTOR = YES;
				GCC_WARN_UNINITIALIZED_AUTOS = YES_AGGRESSIVE;
				GCC_WARN_UNUSED_FUNCTION = YES;
				GCC_WARN_UNUSED_VARIABLE = YES;
				MTL_ENABLE_DEBUG_INFO = INCLUDE_SOURCE;
				MTL_FAST_MATH = YES;
				ONLY_ACTIVE_ARCH = YES;
				SWIFT_ACTIVE_COMPILATION_CONDITIONS = DEBUG;
				SWIFT_OPTIMIZATION_LEVEL = "-Onone";
			};
			name = Debug;
		};
		E996535D28C2B32900D279A3 /* Release */ = {
			isa = XCBuildConfiguration;
			buildSettings = {
				ALWAYS_SEARCH_USER_PATHS = NO;
				CLANG_ANALYZER_NONNULL = YES;
				CLANG_ANALYZER_NUMBER_OBJECT_CONVERSION = YES_AGGRESSIVE;
				CLANG_CXX_LANGUAGE_STANDARD = "gnu++17";
				CLANG_ENABLE_MODULES = YES;
				CLANG_ENABLE_OBJC_ARC = YES;
				CLANG_ENABLE_OBJC_WEAK = YES;
				CLANG_WARN_BLOCK_CAPTURE_AUTORELEASING = YES;
				CLANG_WARN_BOOL_CONVERSION = YES;
				CLANG_WARN_COMMA = YES;
				CLANG_WARN_CONSTANT_CONVERSION = YES;
				CLANG_WARN_DEPRECATED_OBJC_IMPLEMENTATIONS = YES;
				CLANG_WARN_DIRECT_OBJC_ISA_USAGE = YES_ERROR;
				CLANG_WARN_DOCUMENTATION_COMMENTS = YES;
				CLANG_WARN_EMPTY_BODY = YES;
				CLANG_WARN_ENUM_CONVERSION = YES;
				CLANG_WARN_INFINITE_RECURSION = YES;
				CLANG_WARN_INT_CONVERSION = YES;
				CLANG_WARN_NON_LITERAL_NULL_CONVERSION = YES;
				CLANG_WARN_OBJC_IMPLICIT_RETAIN_SELF = YES;
				CLANG_WARN_OBJC_LITERAL_CONVERSION = YES;
				CLANG_WARN_OBJC_ROOT_CLASS = YES_ERROR;
				CLANG_WARN_QUOTED_INCLUDE_IN_FRAMEWORK_HEADER = YES;
				CLANG_WARN_RANGE_LOOP_ANALYSIS = YES;
				CLANG_WARN_STRICT_PROTOTYPES = YES;
				CLANG_WARN_SUSPICIOUS_MOVE = YES;
				CLANG_WARN_UNGUARDED_AVAILABILITY = YES_AGGRESSIVE;
				CLANG_WARN_UNREACHABLE_CODE = YES;
				CLANG_WARN__DUPLICATE_METHOD_MATCH = YES;
				COPY_PHASE_STRIP = NO;
				DEBUG_INFORMATION_FORMAT = "dwarf-with-dsym";
				ENABLE_NS_ASSERTIONS = NO;
				ENABLE_STRICT_OBJC_MSGSEND = YES;
				GCC_C_LANGUAGE_STANDARD = gnu11;
				GCC_NO_COMMON_BLOCKS = YES;
				GCC_WARN_64_TO_32_BIT_CONVERSION = YES;
				GCC_WARN_ABOUT_RETURN_TYPE = YES_ERROR;
				GCC_WARN_UNDECLARED_SELECTOR = YES;
				GCC_WARN_UNINITIALIZED_AUTOS = YES_AGGRESSIVE;
				GCC_WARN_UNUSED_FUNCTION = YES;
				GCC_WARN_UNUSED_VARIABLE = YES;
				MTL_ENABLE_DEBUG_INFO = NO;
				MTL_FAST_MATH = YES;
				SWIFT_COMPILATION_MODE = wholemodule;
				SWIFT_OPTIMIZATION_LEVEL = "-O";
			};
			name = Release;
		};
		E996535F28C2B32900D279A3 /* Debug */ = {
			isa = XCBuildConfiguration;
			buildSettings = {
				ASSETCATALOG_COMPILER_APPICON_NAME = AppIcon;
				ASSETCATALOG_COMPILER_GLOBAL_ACCENT_COLOR_NAME = AccentColor;
				CODE_SIGN_STYLE = Automatic;
				CURRENT_PROJECT_VERSION = 1;
				DEVELOPMENT_TEAM = "";
				ENABLE_PREVIEWS = YES;
				GENERATE_INFOPLIST_FILE = YES;
				INFOPLIST_KEY_UIApplicationSceneManifest_Generation = YES;
				INFOPLIST_KEY_UIApplicationSupportsIndirectInputEvents = YES;
				INFOPLIST_KEY_UILaunchScreen_Generation = YES;
				INFOPLIST_KEY_UISupportedInterfaceOrientations_iPad = "UIInterfaceOrientationPortrait UIInterfaceOrientationPortraitUpsideDown UIInterfaceOrientationLandscapeLeft UIInterfaceOrientationLandscapeRight";
				INFOPLIST_KEY_UISupportedInterfaceOrientations_iPhone = "UIInterfaceOrientationPortrait UIInterfaceOrientationLandscapeLeft UIInterfaceOrientationLandscapeRight";
				IPHONEOS_DEPLOYMENT_TARGET = 15.5;
				LD_RUNPATH_SEARCH_PATHS = (
					"$(inherited)",
					"@executable_path/Frameworks",
				);
				MARKETING_VERSION = 1.0;
				PRODUCT_BUNDLE_IDENTIFIER = com.jjotaum.AmuseKitDemo;
				PRODUCT_NAME = AmuseKitDemo;
				SDKROOT = iphoneos;
				SWIFT_EMIT_LOC_STRINGS = YES;
				SWIFT_VERSION = 5.0;
				TARGETED_DEVICE_FAMILY = "1,2";
			};
			name = Debug;
		};
		E996536028C2B32900D279A3 /* Release */ = {
			isa = XCBuildConfiguration;
			buildSettings = {
				ASSETCATALOG_COMPILER_APPICON_NAME = AppIcon;
				ASSETCATALOG_COMPILER_GLOBAL_ACCENT_COLOR_NAME = AccentColor;
				CODE_SIGN_STYLE = Automatic;
				CURRENT_PROJECT_VERSION = 1;
				DEVELOPMENT_TEAM = "";
				ENABLE_PREVIEWS = YES;
				GENERATE_INFOPLIST_FILE = YES;
				INFOPLIST_KEY_UIApplicationSceneManifest_Generation = YES;
				INFOPLIST_KEY_UIApplicationSupportsIndirectInputEvents = YES;
				INFOPLIST_KEY_UILaunchScreen_Generation = YES;
				INFOPLIST_KEY_UISupportedInterfaceOrientations_iPad = "UIInterfaceOrientationPortrait UIInterfaceOrientationPortraitUpsideDown UIInterfaceOrientationLandscapeLeft UIInterfaceOrientationLandscapeRight";
				INFOPLIST_KEY_UISupportedInterfaceOrientations_iPhone = "UIInterfaceOrientationPortrait UIInterfaceOrientationLandscapeLeft UIInterfaceOrientationLandscapeRight";
				IPHONEOS_DEPLOYMENT_TARGET = 15.5;
				LD_RUNPATH_SEARCH_PATHS = (
					"$(inherited)",
					"@executable_path/Frameworks",
				);
				MARKETING_VERSION = 1.0;
				PRODUCT_BUNDLE_IDENTIFIER = com.jjotaum.AmuseKitDemo;
				PRODUCT_NAME = AmuseKitDemo;
				SDKROOT = iphoneos;
				SWIFT_EMIT_LOC_STRINGS = YES;
				SWIFT_VERSION = 5.0;
				TARGETED_DEVICE_FAMILY = "1,2";
				VALIDATE_PRODUCT = YES;
			};
			name = Release;
		};
		E996536228C2B32900D279A3 /* Debug */ = {
			isa = XCBuildConfiguration;
			buildSettings = {
				ASSETCATALOG_COMPILER_APPICON_NAME = AppIcon;
				ASSETCATALOG_COMPILER_GLOBAL_ACCENT_COLOR_NAME = AccentColor;
				CODE_SIGN_ENTITLEMENTS = macOS/macOS.entitlements;
				CODE_SIGN_STYLE = Automatic;
				COMBINE_HIDPI_IMAGES = YES;
				CURRENT_PROJECT_VERSION = 1;
				ENABLE_PREVIEWS = YES;
				GENERATE_INFOPLIST_FILE = YES;
				INFOPLIST_KEY_NSHumanReadableCopyright = "";
				LD_RUNPATH_SEARCH_PATHS = (
					"$(inherited)",
					"@executable_path/../Frameworks",
				);
				MACOSX_DEPLOYMENT_TARGET = 12.3;
				MARKETING_VERSION = 1.0;
				PRODUCT_BUNDLE_IDENTIFIER = com.jjotaum.AmuseKitDemo;
				PRODUCT_NAME = AmuseKitDemo;
				SDKROOT = macosx;
				SWIFT_EMIT_LOC_STRINGS = YES;
				SWIFT_VERSION = 5.0;
			};
			name = Debug;
		};
		E996536328C2B32900D279A3 /* Release */ = {
			isa = XCBuildConfiguration;
			buildSettings = {
				ASSETCATALOG_COMPILER_APPICON_NAME = AppIcon;
				ASSETCATALOG_COMPILER_GLOBAL_ACCENT_COLOR_NAME = AccentColor;
				CODE_SIGN_ENTITLEMENTS = macOS/macOS.entitlements;
				CODE_SIGN_STYLE = Automatic;
				COMBINE_HIDPI_IMAGES = YES;
				CURRENT_PROJECT_VERSION = 1;
				ENABLE_PREVIEWS = YES;
				GENERATE_INFOPLIST_FILE = YES;
				INFOPLIST_KEY_NSHumanReadableCopyright = "";
				LD_RUNPATH_SEARCH_PATHS = (
					"$(inherited)",
					"@executable_path/../Frameworks",
				);
				MACOSX_DEPLOYMENT_TARGET = 12.3;
				MARKETING_VERSION = 1.0;
				PRODUCT_BUNDLE_IDENTIFIER = com.jjotaum.AmuseKitDemo;
				PRODUCT_NAME = AmuseKitDemo;
				SDKROOT = macosx;
				SWIFT_EMIT_LOC_STRINGS = YES;
				SWIFT_VERSION = 5.0;
			};
			name = Release;
		};
/* End XCBuildConfiguration section */

/* Begin XCConfigurationList section */
		E996534428C2B32800D279A3 /* Build configuration list for PBXProject "AmuseKitDemo" */ = {
			isa = XCConfigurationList;
			buildConfigurations = (
				E996535C28C2B32900D279A3 /* Debug */,
				E996535D28C2B32900D279A3 /* Release */,
			);
			defaultConfigurationIsVisible = 0;
			defaultConfigurationName = Release;
		};
		E996535E28C2B32900D279A3 /* Build configuration list for PBXNativeTarget "AmuseKitDemo (iOS)" */ = {
			isa = XCConfigurationList;
			buildConfigurations = (
				E996535F28C2B32900D279A3 /* Debug */,
				E996536028C2B32900D279A3 /* Release */,
			);
			defaultConfigurationIsVisible = 0;
			defaultConfigurationName = Release;
		};
		E996536128C2B32900D279A3 /* Build configuration list for PBXNativeTarget "AmuseKitDemo (macOS)" */ = {
			isa = XCConfigurationList;
			buildConfigurations = (
				E996536228C2B32900D279A3 /* Debug */,
				E996536328C2B32900D279A3 /* Release */,
			);
			defaultConfigurationIsVisible = 0;
			defaultConfigurationName = Release;
		};
/* End XCConfigurationList section */

/* Begin XCRemoteSwiftPackageReference section */
		E996536F28C2B52600D279A3 /* XCRemoteSwiftPackageReference "AmuseKit" */ = {
			isa = XCRemoteSwiftPackageReference;
			repositoryURL = "git@github.com:jjotaum/AmuseKit.git";
			requirement = {
				branch = release/0.4.1;
				kind = branch;
			};
		};
/* End XCRemoteSwiftPackageReference section */

/* Begin XCSwiftPackageProductDependency section */
		E996537028C2B52600D279A3 /* AmuseKit */ = {
			isa = XCSwiftPackageProductDependency;
			package = E996536F28C2B52600D279A3 /* XCRemoteSwiftPackageReference "AmuseKit" */;
			productName = AmuseKit;
		};
		E996537328C2B53600D279A3 /* AmuseKit */ = {
			isa = XCSwiftPackageProductDependency;
			package = E996536F28C2B52600D279A3 /* XCRemoteSwiftPackageReference "AmuseKit" */;
			productName = AmuseKit;
		};
/* End XCSwiftPackageProductDependency section */
	};
	rootObject = E996534128C2B32800D279A3 /* Project object */;
}
